{
    "_readme": [
        "This file locks the dependencies of your project to a known state",
        "Read more about it at https://getcomposer.org/doc/01-basic-usage.md#installing-dependencies",
        "This file is @generated automatically"
    ],
    "content-hash": "40dc7e1290e1bc863ade5a0c7880e47a",
    "packages": [
        {
            "name": "mahmoud-abdelfadeil/validator-filter-php",
            "version": "v1.1",
            "source": {
                "type": "git",
                "url": "https://github.com/M-H-Abdelfadeil/validator-filter-php.git",
                "reference": "438a9a56a05bf0d6219166bda2196ce9785bd0f5"
            },
            "dist": {
                "type": "zip",
                "url": "https://api.github.com/repos/M-H-Abdelfadeil/validator-filter-php/zipball/438a9a56a05bf0d6219166bda2196ce9785bd0f5",
                "reference": "438a9a56a05bf0d6219166bda2196ce9785bd0f5",
                "shasum": ""
            },
            "type": "library",
            "autoload": {
                "psr-4": {
                    "ValidatorFilterPHP\\": "src"
                }
            },
            "notification-url": "https://packagist.org/downloads/",
            "license": [
                "MIT"
            ],
            "authors": [
                {
                    "name": "M-H-Abdelfadeil",
                    "email": "mahmoudhasan509@gmail.com"
                }
            ],
            "description": "package to facilitate validation and filtering in PHP",
            "support": {
                "issues": "https://github.com/M-H-Abdelfadeil/validator-filter-php/issues",
                "source": "https://github.com/M-H-Abdelfadeil/validator-filter-php/tree/v1.1"
            },
            "time": "2021-02-18T22:58:32+00:00"
        }
    ],
    "packages-dev": [],
    "aliases": [],
    "minimum-stability": "stable",
    "stability-flags": [],
    "prefer-stable": false,
    "prefer-lowest": false,
    "platform": [],
    "platform-dev": [],
    "plugin-api-version": "2.2.0"
}
